
Microsoft Visual Studio Solution File, Format Version 12.00
# Visual Studio Version 16
VisualStudioVersion = 16.0.29806.167
MinimumVisualStudioVersion = 10.0.40219.1
Project("{FAE04EC0-301F-11D3-BF4B-00C04F79EFBC}") = "WebApplication", "WebApplication\WebApplication.csproj", "{11BCF9BC-6A22-4ED3-B7C1-0B76B3DADF49}"
EndProject
Project("{2150E333-8FDC-42A3-9474-1A3956D46DE8}") = "Solution Items", "Solution Items", "{C73C969B-1F96-4DF0-8125-DFBB6DDA7795}"
	ProjectSection(SolutionItems) = preProject
		.editorconfig = .editorconfig
	EndProjectSection
EndProject
Project("{9A19103F-16F7-4668-BE54-9A1E7A4F7556}") = "BLL", "BLL\BLL.csproj", "{0FC38360-1AAB-4146-9F7D-3A133349B405}"
EndProject
Project("{9A19103F-16F7-4668-BE54-9A1E7A4F7556}") = "DAL", "DAL\DAL.csproj", "{B1B316C2-C9AF-4D23-9737-3F940DF1617D}"
EndProject
Project("{FAE04EC0-301F-11D3-BF4B-00C04F79EFBC}") = "ENTITY", "ClassLibrary1\ENTITY.csproj", "{4FF84782-050A-4379-AA4E-F5EADB838AFD}"
EndProject
Global
	GlobalSection(SolutionConfigurationPlatforms) = preSolution
		Debug|Any CPU = Debug|Any CPU
		Release|Any CPU = Release|Any CPU
	EndGlobalSection
	GlobalSection(ProjectConfigurationPlatforms) = postSolution
		{11BCF9BC-6A22-4ED3-B7C1-0B76B3DADF49}.Debug|Any CPU.ActiveCfg = Debug|Any CPU
		{11BCF9BC-6A22-4ED3-B7C1-0B76B3DADF49}.Debug|Any CPU.Build.0 = Debug|Any CPU
		{11BCF9BC-6A22-4ED3-B7C1-0B76B3DADF49}.Release|Any CPU.ActiveCfg = Release|Any CPU
		{11BCF9BC-6A22-4ED3-B7C1-0B76B3DADF49}.Release|Any CPU.Build.0 = Release|Any CPU
		{0FC38360-1AAB-4146-9F7D-3A133349B405}.Debug|Any CPU.ActiveCfg = Debug|Any CPU
		{0FC38360-1AAB-4146-9F7D-3A133349B405}.Debug|Any CPU.Build.0 = Debug|Any CPU
		{0FC38360-1AAB-4146-9F7D-3A133349B405}.Release|Any CPU.ActiveCfg = Release|Any CPU
		{0FC38360-1AAB-4146-9F7D-3A133349B405}.Release|Any CPU.Build.0 = Release|Any CPU
		{B1B316C2-C9AF-4D23-9737-3F940DF1617D}.Debug|Any CPU.ActiveCfg = Debug|Any CPU
		{B1B316C2-C9AF-4D23-9737-3F940DF1617D}.Debug|Any CPU.Build.0 = Debug|Any CPU
		{B1B316C2-C9AF-4D23-9737-3F940DF1617D}.Release|Any CPU.ActiveCfg = Release|Any CPU
		{B1B316C2-C9AF-4D23-9737-3F940DF1617D}.Release|Any CPU.Build.0 = Release|Any CPU
		{4FF84782-050A-4379-AA4E-F5EADB838AFD}.Debug|Any CPU.ActiveCfg = Debug|Any CPU
		{4FF84782-050A-4379-AA4E-F5EADB838AFD}.Debug|Any CPU.Build.0 = Debug|Any CPU
		{4FF84782-050A-4379-AA4E-F5EADB838AFD}.Release|Any CPU.ActiveCfg = Release|Any CPU
		{4FF84782-050A-4379-AA4E-F5EADB838AFD}.Release|Any CPU.Build.0 = Release|Any CPU
	EndGlobalSection
	GlobalSection(SolutionProperties) = preSolution
		HideSolutionNode = FALSE
	EndGlobalSection
	GlobalSection(ExtensibilityGlobals) = postSolution
		SolutionGuid = {90F37E0A-BCAB-430D-BDE0-DEA7FB701044}
	EndGlobalSection
EndGlobal
